
Microsoft Visual Studio Solution File, Format Version 12.00
Project("{FAE04EC0-301F-11D3-BF4B-00C04F79EFBC}") = "COMP003A.LectureActivity4-2", "COMP003A.LectureActivity4-2\COMP003A.LectureActivity4-2.csproj", "{4746CE8D-E383-440C-87C3-194DEAA31A9F}"
EndProject
Global
	GlobalSection(SolutionConfigurationPlatforms) = preSolution
		Debug|Any CPU = Debug|Any CPU
		Release|Any CPU = Release|Any CPU
	EndGlobalSection
	GlobalSection(ProjectConfigurationPlatforms) = postSolution
		{4746CE8D-E383-440C-87C3-194DEAA31A9F}.Debug|Any CPU.ActiveCfg = Debug|Any CPU
		{4746CE8D-E383-440C-87C3-194DEAA31A9F}.Debug|Any CPU.Build.0 = Debug|Any CPU
		{4746CE8D-E383-440C-87C3-194DEAA31A9F}.Release|Any CPU.ActiveCfg = Release|Any CPU
		{4746CE8D-E383-440C-87C3-194DEAA31A9F}.Release|Any CPU.Build.0 = Release|Any CPU
	EndGlobalSection
EndGlobal
